{
    "_readme": [
        "This file locks the dependencies of your project to a known state",
        "Read more about it at https://getcomposer.org/doc/01-basic-usage.md#composer-lock-the-lock-file",
        "This file is @generated automatically"
    ],
    "content-hash": "c4ed34b1b000b3afb4c44b93a5afb1d8",
    "packages": [
        {
            "name": "morozov/bootstrap",
            "version": "1.1.0",
            "source": {
                "type": "git",
                "url": "https://github.com/morozov/bootstrap.git",
                "reference": "da4791fb99b9e9a9db57332d95735f04e066518c"
            },
            "dist": {
                "type": "zip",
                "url": "https://api.github.com/repos/morozov/bootstrap/zipball/da4791fb99b9e9a9db57332d95735f04e066518c",
                "reference": "da4791fb99b9e9a9db57332d95735f04e066518c",
                "shasum": ""
            },
            "require": {
                "php": ">=5.3.0"
            },
            "type": "library",
            "autoload": {
                "files": [
                    "src/bootstrap.php"
                ]
            },
            "notification-url": "https://packagist.org/downloads/",
            "license": [
                "MIT"
            ],
            "authors": [
                {
                    "name": "Sergei Morozov",
                    "email": "morozov@tut.by"
                }
            ],
            "description": "Command line application bootstrap component",
            "time": "2017-05-24T05:27:25+00:00"
        },
        {
            "name": "morozov/diff-sniffer-core",
            "version": "3.0.x-dev",
            "source": {
                "type": "git",
                "url": "https://github.com/morozov/diff-sniffer-core.git",
                "reference": "f76be34266777b733c305e74806a4910f4736a0f"
            },
            "dist": {
                "type": "zip",
                "url": "https://api.github.com/repos/morozov/diff-sniffer-core/zipball/f76be34266777b733c305e74806a4910f4736a0f",
                "reference": "f76be34266777b733c305e74806a4910f4736a0f",
                "shasum": ""
            },
            "require": {
                "morozov/bootstrap": "^1.1",
                "ocramius/package-versions": "^1.1",
                "php": "^7.0",
                "squizlabs/php_codesniffer": "^3.0"
            },
            "require-dev": {
                "phpunit/phpunit": "^6.1"
            },
            "type": "library",
            "autoload": {
                "psr-0": {
                    "DiffSniffer": "src/"
                }
            },
            "notification-url": "https://packagist.org/downloads/",
            "license": [
                "MIT"
            ],
            "authors": [
                {
                    "name": "Sergei Morozov",
                    "email": "morozov@tut.by"
                }
            ],
            "description": "Core component for Diff Sniffer, a tool to validate coding standards only in changed line",
            "time": "2017-10-01T19:09:16+00:00"
        },
        {
            "name": "ocramius/package-versions",
            "version": "1.1.2",
            "source": {
                "type": "git",
                "url": "https://github.com/Ocramius/PackageVersions.git",
                "reference": "51e867c70f0799790b3e82276875414ce13daaca"
            },
            "dist": {
                "type": "zip",
                "url": "https://api.github.com/repos/Ocramius/PackageVersions/zipball/51e867c70f0799790b3e82276875414ce13daaca",
                "reference": "51e867c70f0799790b3e82276875414ce13daaca",
                "shasum": ""
            },
            "require": {
                "composer-plugin-api": "^1.0",
                "php": "~7.0"
            },
            "require-dev": {
                "composer/composer": "^1.3",
                "ext-zip": "*",
                "phpunit/phpunit": "^5.4.7"
            },
            "type": "composer-plugin",
            "extra": {
                "class": "PackageVersions\\Installer",
                "branch-alias": {
                    "dev-master": "2.0.x-dev"
                }
            },
            "autoload": {
                "psr-4": {
                    "PackageVersions\\": "src/PackageVersions"
                }
            },
            "notification-url": "https://packagist.org/downloads/",
            "license": [
                "MIT"
            ],
            "authors": [
                {
                    "name": "Marco Pivetta",
                    "email": "ocramius@gmail.com"
                }
            ],
            "description": "Composer plugin that provides efficient querying for installed package versions (no runtime IO)",
            "time": "2016-12-30T09:49:15+00:00"
        },
        {
            "name": "squizlabs/php_codesniffer",
            "version": "3.0.0",
            "source": {
                "type": "git",
                "url": "https://github.com/squizlabs/PHP_CodeSniffer.git",
                "reference": "b95ff2c3b122a3ee4b57d149a57d2afce65522c3"
            },
            "dist": {
                "type": "zip",
                "url": "https://api.github.com/repos/squizlabs/PHP_CodeSniffer/zipball/b95ff2c3b122a3ee4b57d149a57d2afce65522c3",
                "reference": "b95ff2c3b122a3ee4b57d149a57d2afce65522c3",
                "shasum": ""
            },
            "require": {
                "ext-simplexml": "*",
                "ext-tokenizer": "*",
                "ext-xmlwriter": "*",
                "php": ">=5.4.0"
            },
            "require-dev": {
                "phpunit/phpunit": "~4.0"
            },
            "bin": [
                "bin/phpcs",
                "bin/phpcbf"
            ],
            "type": "library",
            "extra": {
                "branch-alias": {
                    "dev-master": "3.x-dev"
                }
            },
            "notification-url": "https://packagist.org/downloads/",
            "license": [
                "BSD-3-Clause"
            ],
            "authors": [
                {
                    "name": "Greg Sherwood",
                    "role": "lead"
                }
            ],
            "description": "PHP_CodeSniffer tokenizes PHP, JavaScript and CSS files and detects violations of a defined set of coding standards.",
            "homepage": "http://www.squizlabs.com/php-codesniffer",
            "keywords": [
                "phpcs",
                "standards"
            ],
            "time": "2017-05-04T00:33:04+00:00"
        }
    ],
    "packages-dev": [],
    "aliases": [],
    "minimum-stability": "stable",
    "stability-flags": {
        "morozov/diff-sniffer-core": 20
    },
    "prefer-stable": false,
    "prefer-lowest": false,
    "platform": [],
    "platform-dev": []
}
